
Microsoft Visual Studio Solution File, Format Version 12.00
# Visual Studio Version 17
VisualStudioVersion = 17.7.34202.233
MinimumVisualStudioVersion = 10.0.40219.1
Project("{FAE04EC0-301F-11D3-BF4B-00C04F79EFBC}") = "C#DT", "C#DT.csproj", "{33499D08-A57A-4F57-B38D-717DB362CFBC}"
EndProject
Global
	GlobalSection(SolutionConfigurationPlatforms) = preSolution
		Debug|Any CPU = Debug|Any CPU
		Release|Any CPU = Release|Any CPU
	EndGlobalSection
	GlobalSection(ProjectConfigurationPlatforms) = postSolution
		{33499D08-A57A-4F57-B38D-717DB362CFBC}.Debug|Any CPU.ActiveCfg = Debug|Any CPU
		{33499D08-A57A-4F57-B38D-717DB362CFBC}.Debug|Any CPU.Build.0 = Debug|Any CPU
		{33499D08-A57A-4F57-B38D-717DB362CFBC}.Release|Any CPU.ActiveCfg = Release|Any CPU
		{33499D08-A57A-4F57-B38D-717DB362CFBC}.Release|Any CPU.Build.0 = Release|Any CPU
	EndGlobalSection
	GlobalSection(SolutionProperties) = preSolution
		HideSolutionNode = FALSE
	EndGlobalSection
	GlobalSection(ExtensibilityGlobals) = postSolution
		SolutionGuid = {136F9966-5C02-47B9-A7EE-3812AFCD0538}
	EndGlobalSection
EndGlobal
